
Microsoft Visual Studio Solution File, Format Version 12.00
# Visual Studio Version 17
VisualStudioVersion = 17.14.36121.58 d17.14
MinimumVisualStudioVersion = 10.0.40219.1
Project("{FAE04EC0-301F-11D3-BF4B-00C04F79EFBC}") = "MovieApi", "MovieApi\MovieApi.csproj", "{E47945CF-E74E-4188-AB72-4819D1AA2478}"
EndProject
Global
	GlobalSection(SolutionConfigurationPlatforms) = preSolution
		Debug|Any CPU = Debug|Any CPU
		Release|Any CPU = Release|Any CPU
	EndGlobalSection
	GlobalSection(ProjectConfigurationPlatforms) = postSolution
		{E47945CF-E74E-4188-AB72-4819D1AA2478}.Debug|Any CPU.ActiveCfg = Debug|Any CPU
		{E47945CF-E74E-4188-AB72-4819D1AA2478}.Debug|Any CPU.Build.0 = Debug|Any CPU
		{E47945CF-E74E-4188-AB72-4819D1AA2478}.Release|Any CPU.ActiveCfg = Release|Any CPU
		{E47945CF-E74E-4188-AB72-4819D1AA2478}.Release|Any CPU.Build.0 = Release|Any CPU
	EndGlobalSection
	GlobalSection(SolutionProperties) = preSolution
		HideSolutionNode = FALSE
	EndGlobalSection
	GlobalSection(ExtensibilityGlobals) = postSolution
		SolutionGuid = {612AB5E6-695A-4EEA-A328-7B089BFA4A52}
	EndGlobalSection
EndGlobal
